// !$*UTF8*$!
{
	archiveVersion = 1;
	classes = {
	};
	objectVersion = 56;
	objects = {

/* Begin PBXBuildFile section */
		9A50DECC2B5FF1D80025711D /* BusView.swift in Sources */ = {isa = PBXBuildFile; fileRef = 9A50DECB2B5FF1D80025711D /* BusView.swift */; };
		9A50DECE2B5FF1E30025711D /* MenuView.swift in Sources */ = {isa = PBXBuildFile; fileRef = 9A50DECD2B5FF1E30025711D /* MenuView.swift */; };
		9A50DED02B5FF5660025711D /* FontExtensions.swift in Sources */ = {isa = PBXBuildFile; fileRef = 9A50DECF2B5FF5660025711D /* FontExtensions.swift */; };
		9A50DEE72B5FFB430025711D /* NanumSquareEB.ttf in Resources */ = {isa = PBXBuildFile; fileRef = 9A50DED72B5FFB430025711D /* NanumSquareEB.ttf */; };
		9A50DEE82B5FFB430025711D /* NanumSquareL.ttf in Resources */ = {isa = PBXBuildFile; fileRef = 9A50DED82B5FFB430025711D /* NanumSquareL.ttf */; };
		9A50DEEB2B5FFB430025711D /* NanumSquareEB.otf in Resources */ = {isa = PBXBuildFile; fileRef = 9A50DEDB2B5FFB430025711D /* NanumSquareEB.otf */; };
		9A50DEEC2B5FFB430025711D /* NanumSquare_acR.ttf in Resources */ = {isa = PBXBuildFile; fileRef = 9A50DEDC2B5FFB430025711D /* NanumSquare_acR.ttf */; };
		9A50DEEE2B5FFB430025711D /* NanumSquare_acB.ttf in Resources */ = {isa = PBXBuildFile; fileRef = 9A50DEDE2B5FFB430025711D /* NanumSquare_acB.ttf */; };
		9A50DEF02B5FFB430025711D /* NanumSquare_acL.ttf in Resources */ = {isa = PBXBuildFile; fileRef = 9A50DEE02B5FFB430025711D /* NanumSquare_acL.ttf */; };
		9A50DEF42B5FFB430025711D /* NanumSquare_acEB.ttf in Resources */ = {isa = PBXBuildFile; fileRef = 9A50DEE42B5FFB430025711D /* NanumSquare_acEB.ttf */; };
		9A50DEF52B5FFB430025711D /* NanumSquareB.ttf in Resources */ = {isa = PBXBuildFile; fileRef = 9A50DEE52B5FFB430025711D /* NanumSquareB.ttf */; };
		9A50DEF62B5FFB430025711D /* NanumSquareR.ttf in Resources */ = {isa = PBXBuildFile; fileRef = 9A50DEE62B5FFB430025711D /* NanumSquareR.ttf */; };
		9A50DEFB2B614B4E0025711D /* BusAPI.swift in Sources */ = {isa = PBXBuildFile; fileRef = 9A50DEFA2B614B4E0025711D /* BusAPI.swift */; };
		9A50DEFD2B6151A60025711D /* BusViewModel.swift in Sources */ = {isa = PBXBuildFile; fileRef = 9A50DEFC2B6151A60025711D /* BusViewModel.swift */; };
		9A50DEFF2B6153F50025711D /* ViewExtensions.swift in Sources */ = {isa = PBXBuildFile; fileRef = 9A50DEFE2B6153F50025711D /* ViewExtensions.swift */; };
		9A6B71B52B5E869E00B9BD78 /* BusTrackerApp.swift in Sources */ = {isa = PBXBuildFile; fileRef = 9A6B71B42B5E869E00B9BD78 /* BusTrackerApp.swift */; };
		9A6B71B72B5E869E00B9BD78 /* MainView.swift in Sources */ = {isa = PBXBuildFile; fileRef = 9A6B71B62B5E869E00B9BD78 /* MainView.swift */; };
		9A6B71B92B5E869F00B9BD78 /* Assets.xcassets in Resources */ = {isa = PBXBuildFile; fileRef = 9A6B71B82B5E869F00B9BD78 /* Assets.xcassets */; };
		9A6B71BD2B5E869F00B9BD78 /* Preview Assets.xcassets in Resources */ = {isa = PBXBuildFile; fileRef = 9A6B71BC2B5E869F00B9BD78 /* Preview Assets.xcassets */; };
		9A6B71C72B5E86A000B9BD78 /* BusTrackerTests.swift in Sources */ = {isa = PBXBuildFile; fileRef = 9A6B71C62B5E86A000B9BD78 /* BusTrackerTests.swift */; };
		9A6B71D12B5E86A000B9BD78 /* BusTrackerUITests.swift in Sources */ = {isa = PBXBuildFile; fileRef = 9A6B71D02B5E86A000B9BD78 /* BusTrackerUITests.swift */; };
		9A6B71D32B5E86A000B9BD78 /* BusTrackerUITestsLaunchTests.swift in Sources */ = {isa = PBXBuildFile; fileRef = 9A6B71D22B5E86A000B9BD78 /* BusTrackerUITestsLaunchTests.swift */; };
		9A6B71E12B5E871200B9BD78 /* Alamofire in Frameworks */ = {isa = PBXBuildFile; productRef = 9A6B71E02B5E871200B9BD78 /* Alamofire */; };
		9A6B71E52B5E874C00B9BD78 /* SkeletonView in Frameworks */ = {isa = PBXBuildFile; productRef = 9A6B71E42B5E874C00B9BD78 /* SkeletonView */; };
		9A6B71E82B5E876200B9BD78 /* PopupView in Frameworks */ = {isa = PBXBuildFile; productRef = 9A6B71E72B5E876200B9BD78 /* PopupView */; };
		9AA6F0772B67C95F00BC5132 /* BusArriveInfo.swift in Sources */ = {isa = PBXBuildFile; fileRef = 9AA6F0762B67C95F00BC5132 /* BusArriveInfo.swift */; };
/* End PBXBuildFile section */

/* Begin PBXContainerItemProxy section */
		9A6B71C32B5E86A000B9BD78 /* PBXContainerItemProxy */ = {
			isa = PBXContainerItemProxy;
			containerPortal = 9A6B71A92B5E869E00B9BD78 /* Project object */;
			proxyType = 1;
			remoteGlobalIDString = 9A6B71B02B5E869E00B9BD78;
			remoteInfo = BusTracker;
		};
		9A6B71CD2B5E86A000B9BD78 /* PBXContainerItemProxy */ = {
			isa = PBXContainerItemProxy;
			containerPortal = 9A6B71A92B5E869E00B9BD78 /* Project object */;
			proxyType = 1;
			remoteGlobalIDString = 9A6B71B02B5E869E00B9BD78;
			remoteInfo = BusTracker;
		};
/* End PBXContainerItemProxy section */

/* Begin PBXFileReference section */
		9A50DECB2B5FF1D80025711D /* BusView.swift */ = {isa = PBXFileReference; lastKnownFileType = sourcecode.swift; path = BusView.swift; sourceTree = "<group>"; };
		9A50DECD2B5FF1E30025711D /* MenuView.swift */ = {isa = PBXFileReference; lastKnownFileType = sourcecode.swift; path = MenuView.swift; sourceTree = "<group>"; };
		9A50DECF2B5FF5660025711D /* FontExtensions.swift */ = {isa = PBXFileReference; lastKnownFileType = sourcecode.swift; path = FontExtensions.swift; sourceTree = "<group>"; };
		9A50DED72B5FFB430025711D /* NanumSquareEB.ttf */ = {isa = PBXFileReference; lastKnownFileType = file; path = NanumSquareEB.ttf; sourceTree = "<group>"; };
		9A50DED82B5FFB430025711D /* NanumSquareL.ttf */ = {isa = PBXFileReference; lastKnownFileType = file; path = NanumSquareL.ttf; sourceTree = "<group>"; };
		9A50DEDB2B5FFB430025711D /* NanumSquareEB.otf */ = {isa = PBXFileReference; lastKnownFileType = file; path = NanumSquareEB.otf; sourceTree = "<group>"; };
		9A50DEDC2B5FFB430025711D /* NanumSquare_acR.ttf */ = {isa = PBXFileReference; lastKnownFileType = file; path = NanumSquare_acR.ttf; sourceTree = "<group>"; };
		9A50DEDE2B5FFB430025711D /* NanumSquare_acB.ttf */ = {isa = PBXFileReference; lastKnownFileType = file; path = NanumSquare_acB.ttf; sourceTree = "<group>"; };
		9A50DEE02B5FFB430025711D /* NanumSquare_acL.ttf */ = {isa = PBXFileReference; lastKnownFileType = file; path = NanumSquare_acL.ttf; sourceTree = "<group>"; };
		9A50DEE42B5FFB430025711D /* NanumSquare_acEB.ttf */ = {isa = PBXFileReference; lastKnownFileType = file; path = NanumSquare_acEB.ttf; sourceTree = "<group>"; };
		9A50DEE52B5FFB430025711D /* NanumSquareB.ttf */ = {isa = PBXFileReference; lastKnownFileType = file; path = NanumSquareB.ttf; sourceTree = "<group>"; };
		9A50DEE62B5FFB430025711D /* NanumSquareR.ttf */ = {isa = PBXFileReference; lastKnownFileType = file; path = NanumSquareR.ttf; sourceTree = "<group>"; };
		9A50DEFA2B614B4E0025711D /* BusAPI.swift */ = {isa = PBXFileReference; lastKnownFileType = sourcecode.swift; path = BusAPI.swift; sourceTree = "<group>"; };
		9A50DEFC2B6151A60025711D /* BusViewModel.swift */ = {isa = PBXFileReference; lastKnownFileType = sourcecode.swift; path = BusViewModel.swift; sourceTree = "<group>"; };
		9A50DEFE2B6153F50025711D /* ViewExtensions.swift */ = {isa = PBXFileReference; lastKnownFileType = sourcecode.swift; path = ViewExtensions.swift; sourceTree = "<group>"; };
		9A6B71B12B5E869E00B9BD78 /* BusTracker.app */ = {isa = PBXFileReference; explicitFileType = wrapper.application; includeInIndex = 0; path = BusTracker.app; sourceTree = BUILT_PRODUCTS_DIR; };
		9A6B71B42B5E869E00B9BD78 /* BusTrackerApp.swift */ = {isa = PBXFileReference; lastKnownFileType = sourcecode.swift; path = BusTrackerApp.swift; sourceTree = "<group>"; };
		9A6B71B62B5E869E00B9BD78 /* MainView.swift */ = {isa = PBXFileReference; lastKnownFileType = sourcecode.swift; path = MainView.swift; sourceTree = "<group>"; };
		9A6B71B82B5E869F00B9BD78 /* Assets.xcassets */ = {isa = PBXFileReference; lastKnownFileType = folder.assetcatalog; path = Assets.xcassets; sourceTree = "<group>"; };
		9A6B71BA2B5E869F00B9BD78 /* BusTracker.entitlements */ = {isa = PBXFileReference; lastKnownFileType = text.plist.entitlements; path = BusTracker.entitlements; sourceTree = "<group>"; };
		9A6B71BC2B5E869F00B9BD78 /* Preview Assets.xcassets */ = {isa = PBXFileReference; lastKnownFileType = folder.assetcatalog; path = "Preview Assets.xcassets"; sourceTree = "<group>"; };
		9A6B71C22B5E86A000B9BD78 /* BusTrackerTests.xctest */ = {isa = PBXFileReference; explicitFileType = wrapper.cfbundle; includeInIndex = 0; path = BusTrackerTests.xctest; sourceTree = BUILT_PRODUCTS_DIR; };
		9A6B71C62B5E86A000B9BD78 /* BusTrackerTests.swift */ = {isa = PBXFileReference; lastKnownFileType = sourcecode.swift; path = BusTrackerTests.swift; sourceTree = "<group>"; };
		9A6B71CC2B5E86A000B9BD78 /* BusTrackerUITests.xctest */ = {isa = PBXFileReference; explicitFileType = wrapper.cfbundle; includeInIndex = 0; path = BusTrackerUITests.xctest; sourceTree = BUILT_PRODUCTS_DIR; };
		9A6B71D02B5E86A000B9BD78 /* BusTrackerUITests.swift */ = {isa = PBXFileReference; lastKnownFileType = sourcecode.swift; path = BusTrackerUITests.swift; sourceTree = "<group>"; };
		9A6B71D22B5E86A000B9BD78 /* BusTrackerUITestsLaunchTests.swift */ = {isa = PBXFileReference; lastKnownFileType = sourcecode.swift; path = BusTrackerUITestsLaunchTests.swift; sourceTree = "<group>"; };
		9AA6F0762B67C95F00BC5132 /* BusArriveInfo.swift */ = {isa = PBXFileReference; lastKnownFileType = sourcecode.swift; path = BusArriveInfo.swift; sourceTree = "<group>"; };
/* End PBXFileReference section */

/* Begin PBXFrameworksBuildPhase section */
		9A6B71AE2B5E869E00B9BD78 /* Frameworks */ = {
			isa = PBXFrameworksBuildPhase;
			buildActionMask = 2147483647;
			files = (
				9A6B71E82B5E876200B9BD78 /* PopupView in Frameworks */,
				9A6B71E52B5E874C00B9BD78 /* SkeletonView in Frameworks */,
				9A6B71E12B5E871200B9BD78 /* Alamofire in Frameworks */,
			);
			runOnlyForDeploymentPostprocessing = 0;
		};
		9A6B71BF2B5E86A000B9BD78 /* Frameworks */ = {
			isa = PBXFrameworksBuildPhase;
			buildActionMask = 2147483647;
			files = (
			);
			runOnlyForDeploymentPostprocessing = 0;
		};
		9A6B71C92B5E86A000B9BD78 /* Frameworks */ = {
			isa = PBXFrameworksBuildPhase;
			buildActionMask = 2147483647;
			files = (
			);
			runOnlyForDeploymentPostprocessing = 0;
		};
/* End PBXFrameworksBuildPhase section */

/* Begin PBXGroup section */
		9A50DEC72B5FEDC10025711D /* View */ = {
			isa = PBXGroup;
			children = (
				9A6B71B62B5E869E00B9BD78 /* MainView.swift */,
				9A50DECB2B5FF1D80025711D /* BusView.swift */,
				9A50DECD2B5FF1E30025711D /* MenuView.swift */,
				9A50DEFE2B6153F50025711D /* ViewExtensions.swift */,
			);
			path = View;
			sourceTree = "<group>";
		};
		9A50DEC82B5FEDC90025711D /* ViewModel */ = {
			isa = PBXGroup;
			children = (
				9A50DEFC2B6151A60025711D /* BusViewModel.swift */,
			);
			path = ViewModel;
			sourceTree = "<group>";
		};
		9A50DEC92B5FEDD40025711D /* Model */ = {
			isa = PBXGroup;
			children = (
				9AA6F0762B67C95F00BC5132 /* BusArriveInfo.swift */,
			);
			path = Model;
			sourceTree = "<group>";
		};
		9A50DECA2B5FEDDD0025711D /* Util */ = {
			isa = PBXGroup;
			children = (
				9A50DEF92B614B3A0025711D /* Networks */,
				9A50DECF2B5FF5660025711D /* FontExtensions.swift */,
			);
			path = Util;
			sourceTree = "<group>";
		};
		9A50DED12B5FF65A0025711D /* Assets */ = {
			isa = PBXGroup;
			children = (
				9A50DED22B5FF6730025711D /* Fonts */,
			);
			path = Assets;
			sourceTree = "<group>";
		};
		9A50DED22B5FF6730025711D /* Fonts */ = {
			isa = PBXGroup;
			children = (
				9A50DED62B5FFB430025711D /* nanum-square */,
			);
			path = Fonts;
			sourceTree = "<group>";
		};
		9A50DED62B5FFB430025711D /* nanum-square */ = {
			isa = PBXGroup;
			children = (
				9A50DED72B5FFB430025711D /* NanumSquareEB.ttf */,
				9A50DED82B5FFB430025711D /* NanumSquareL.ttf */,
				9A50DEDB2B5FFB430025711D /* NanumSquareEB.otf */,
				9A50DEDC2B5FFB430025711D /* NanumSquare_acR.ttf */,
				9A50DEDE2B5FFB430025711D /* NanumSquare_acB.ttf */,
				9A50DEE02B5FFB430025711D /* NanumSquare_acL.ttf */,
				9A50DEE42B5FFB430025711D /* NanumSquare_acEB.ttf */,
				9A50DEE52B5FFB430025711D /* NanumSquareB.ttf */,
				9A50DEE62B5FFB430025711D /* NanumSquareR.ttf */,
			);
			path = "nanum-square";
			sourceTree = "<group>";
		};
		9A50DEF92B614B3A0025711D /* Networks */ = {
			isa = PBXGroup;
			children = (
				9A50DEFA2B614B4E0025711D /* BusAPI.swift */,
			);
			path = Networks;
			sourceTree = "<group>";
		};
		9A6B71A82B5E869E00B9BD78 = {
			isa = PBXGroup;
			children = (
				9A6B71B32B5E869E00B9BD78 /* BusTracker */,
				9A6B71C52B5E86A000B9BD78 /* BusTrackerTests */,
				9A6B71CF2B5E86A000B9BD78 /* BusTrackerUITests */,
				9A6B71B22B5E869E00B9BD78 /* Products */,
			);
			sourceTree = "<group>";
		};
		9A6B71B22B5E869E00B9BD78 /* Products */ = {
			isa = PBXGroup;
			children = (
				9A6B71B12B5E869E00B9BD78 /* BusTracker.app */,
				9A6B71C22B5E86A000B9BD78 /* BusTrackerTests.xctest */,
				9A6B71CC2B5E86A000B9BD78 /* BusTrackerUITests.xctest */,
			);
			name = Products;
			sourceTree = "<group>";
		};
		9A6B71B32B5E869E00B9BD78 /* BusTracker */ = {
			isa = PBXGroup;
			children = (
				9A50DEC92B5FEDD40025711D /* Model */,
				9A50DEC82B5FEDC90025711D /* ViewModel */,
				9A50DEC72B5FEDC10025711D /* View */,
				9A6B71B42B5E869E00B9BD78 /* BusTrackerApp.swift */,
				9A6B71B82B5E869F00B9BD78 /* Assets.xcassets */,
				9A6B71BA2B5E869F00B9BD78 /* BusTracker.entitlements */,
				9A50DECA2B5FEDDD0025711D /* Util */,
				9A50DED12B5FF65A0025711D /* Assets */,
				9A6B71BB2B5E869F00B9BD78 /* Preview Content */,
			);
			path = BusTracker;
			sourceTree = "<group>";
		};
		9A6B71BB2B5E869F00B9BD78 /* Preview Content */ = {
			isa = PBXGroup;
			children = (
				9A6B71BC2B5E869F00B9BD78 /* Preview Assets.xcassets */,
			);
			path = "Preview Content";
			sourceTree = "<group>";
		};
		9A6B71C52B5E86A000B9BD78 /* BusTrackerTests */ = {
			isa = PBXGroup;
			children = (
				9A6B71C62B5E86A000B9BD78 /* BusTrackerTests.swift */,
			);
			path = BusTrackerTests;
			sourceTree = "<group>";
		};
		9A6B71CF2B5E86A000B9BD78 /* BusTrackerUITests */ = {
			isa = PBXGroup;
			children = (
				9A6B71D02B5E86A000B9BD78 /* BusTrackerUITests.swift */,
				9A6B71D22B5E86A000B9BD78 /* BusTrackerUITestsLaunchTests.swift */,
			);
			path = BusTrackerUITests;
			sourceTree = "<group>";
		};
/* End PBXGroup section */

/* Begin PBXNativeTarget section */
		9A6B71B02B5E869E00B9BD78 /* BusTracker */ = {
			isa = PBXNativeTarget;
			buildConfigurationList = 9A6B71D62B5E86A000B9BD78 /* Build configuration list for PBXNativeTarget "BusTracker" */;
			buildPhases = (
				9A6B71AD2B5E869E00B9BD78 /* Sources */,
				9A6B71AE2B5E869E00B9BD78 /* Frameworks */,
				9A6B71AF2B5E869E00B9BD78 /* Resources */,
			);
			buildRules = (
			);
			dependencies = (
			);
			name = BusTracker;
			packageProductDependencies = (
				9A6B71E02B5E871200B9BD78 /* Alamofire */,
				9A6B71E42B5E874C00B9BD78 /* SkeletonView */,
				9A6B71E72B5E876200B9BD78 /* PopupView */,
			);
			productName = BusTracker;
			productReference = 9A6B71B12B5E869E00B9BD78 /* BusTracker.app */;
			productType = "com.apple.product-type.application";
		};
		9A6B71C12B5E86A000B9BD78 /* BusTrackerTests */ = {
			isa = PBXNativeTarget;
			buildConfigurationList = 9A6B71D92B5E86A000B9BD78 /* Build configuration list for PBXNativeTarget "BusTrackerTests" */;
			buildPhases = (
				9A6B71BE2B5E86A000B9BD78 /* Sources */,
				9A6B71BF2B5E86A000B9BD78 /* Frameworks */,
				9A6B71C02B5E86A000B9BD78 /* Resources */,
			);
			buildRules = (
			);
			dependencies = (
				9A6B71C42B5E86A000B9BD78 /* PBXTargetDependency */,
			);
			name = BusTrackerTests;
			productName = BusTrackerTests;
			productReference = 9A6B71C22B5E86A000B9BD78 /* BusTrackerTests.xctest */;
			productType = "com.apple.product-type.bundle.unit-test";
		};
		9A6B71CB2B5E86A000B9BD78 /* BusTrackerUITests */ = {
			isa = PBXNativeTarget;
			buildConfigurationList = 9A6B71DC2B5E86A000B9BD78 /* Build configuration list for PBXNativeTarget "BusTrackerUITests" */;
			buildPhases = (
				9A6B71C82B5E86A000B9BD78 /* Sources */,
				9A6B71C92B5E86A000B9BD78 /* Frameworks */,
				9A6B71CA2B5E86A000B9BD78 /* Resources */,
			);
			buildRules = (
			);
			dependencies = (
				9A6B71CE2B5E86A000B9BD78 /* PBXTargetDependency */,
			);
			name = BusTrackerUITests;
			productName = BusTrackerUITests;
			productReference = 9A6B71CC2B5E86A000B9BD78 /* BusTrackerUITests.xctest */;
			productType = "com.apple.product-type.bundle.ui-testing";
		};
/* End PBXNativeTarget section */

/* Begin PBXProject section */
		9A6B71A92B5E869E00B9BD78 /* Project object */ = {
			isa = PBXProject;
			attributes = {
				BuildIndependentTargetsInParallel = 1;
				LastSwiftUpdateCheck = 1510;
				LastUpgradeCheck = 1510;
				TargetAttributes = {
					9A6B71B02B5E869E00B9BD78 = {
						CreatedOnToolsVersion = 15.1;
					};
					9A6B71C12B5E86A000B9BD78 = {
						CreatedOnToolsVersion = 15.1;
						TestTargetID = 9A6B71B02B5E869E00B9BD78;
					};
					9A6B71CB2B5E86A000B9BD78 = {
						CreatedOnToolsVersion = 15.1;
						TestTargetID = 9A6B71B02B5E869E00B9BD78;
					};
				};
			};
			buildConfigurationList = 9A6B71AC2B5E869E00B9BD78 /* Build configuration list for PBXProject "BusTracker" */;
			compatibilityVersion = "Xcode 14.0";
			developmentRegion = en;
			hasScannedForEncodings = 0;
			knownRegions = (
				en,
				Base,
			);
			mainGroup = 9A6B71A82B5E869E00B9BD78;
			packageReferences = (
				9A6B71DF2B5E871200B9BD78 /* XCRemoteSwiftPackageReference "Alamofire" */,
				9A6B71E22B5E873900B9BD78 /* XCRemoteSwiftPackageReference "RxSwift" */,
				9A6B71E32B5E874C00B9BD78 /* XCRemoteSwiftPackageReference "SkeletonView" */,
				9A6B71E62B5E876200B9BD78 /* XCRemoteSwiftPackageReference "PopupView" */,
			);
			productRefGroup = 9A6B71B22B5E869E00B9BD78 /* Products */;
			projectDirPath = "";
			projectRoot = "";
			targets = (
				9A6B71B02B5E869E00B9BD78 /* BusTracker */,
				9A6B71C12B5E86A000B9BD78 /* BusTrackerTests */,
				9A6B71CB2B5E86A000B9BD78 /* BusTrackerUITests */,
			);
		};
/* End PBXProject section */

/* Begin PBXResourcesBuildPhase section */
		9A6B71AF2B5E869E00B9BD78 /* Resources */ = {
			isa = PBXResourcesBuildPhase;
			buildActionMask = 2147483647;
			files = (
				9A50DEE82B5FFB430025711D /* NanumSquareL.ttf in Resources */,
				9A50DEE72B5FFB430025711D /* NanumSquareEB.ttf in Resources */,
				9A50DEF62B5FFB430025711D /* NanumSquareR.ttf in Resources */,
				9A50DEEE2B5FFB430025711D /* NanumSquare_acB.ttf in Resources */,
				9A50DEEB2B5FFB430025711D /* NanumSquareEB.otf in Resources */,
				9A50DEF02B5FFB430025711D /* NanumSquare_acL.ttf in Resources */,
				9A50DEF52B5FFB430025711D /* NanumSquareB.ttf in Resources */,
				9A50DEF42B5FFB430025711D /* NanumSquare_acEB.ttf in Resources */,
				9A50DEEC2B5FFB430025711D /* NanumSquare_acR.ttf in Resources */,
				9A6B71BD2B5E869F00B9BD78 /* Preview Assets.xcassets in Resources */,
				9A6B71B92B5E869F00B9BD78 /* Assets.xcassets in Resources */,
			);
			runOnlyForDeploymentPostprocessing = 0;
		};
		9A6B71C02B5E86A000B9BD78 /* Resources */ = {
			isa = PBXResourcesBuildPhase;
			buildActionMask = 2147483647;
			files = (
			);
			runOnlyForDeploymentPostprocessing = 0;
		};
		9A6B71CA2B5E86A000B9BD78 /* Resources */ = {
			isa = PBXResourcesBuildPhase;
			buildActionMask = 2147483647;
			files = (
			);
			runOnlyForDeploymentPostprocessing = 0;
		};
/* End PBXResourcesBuildPhase section */

/* Begin PBXSourcesBuildPhase section */
		9A6B71AD2B5E869E00B9BD78 /* Sources */ = {
			isa = PBXSourcesBuildPhase;
			buildActionMask = 2147483647;
			files = (
				9A50DECC2B5FF1D80025711D /* BusView.swift in Sources */,
				9A50DECE2B5FF1E30025711D /* MenuView.swift in Sources */,
				9A50DEFF2B6153F50025711D /* ViewExtensions.swift in Sources */,
				9A50DEFB2B614B4E0025711D /* BusAPI.swift in Sources */,
				9A50DEFD2B6151A60025711D /* BusViewModel.swift in Sources */,
				9A50DED02B5FF5660025711D /* FontExtensions.swift in Sources */,
				9A6B71B72B5E869E00B9BD78 /* MainView.swift in Sources */,
				9AA6F0772B67C95F00BC5132 /* BusArriveInfo.swift in Sources */,
				9A6B71B52B5E869E00B9BD78 /* BusTrackerApp.swift in Sources */,
			);
			runOnlyForDeploymentPostprocessing = 0;
		};
		9A6B71BE2B5E86A000B9BD78 /* Sources */ = {
			isa = PBXSourcesBuildPhase;
			buildActionMask = 2147483647;
			files = (
				9A6B71C72B5E86A000B9BD78 /* BusTrackerTests.swift in Sources */,
			);
			runOnlyForDeploymentPostprocessing = 0;
		};
		9A6B71C82B5E86A000B9BD78 /* Sources */ = {
			isa = PBXSourcesBuildPhase;
			buildActionMask = 2147483647;
			files = (
				9A6B71D32B5E86A000B9BD78 /* BusTrackerUITestsLaunchTests.swift in Sources */,
				9A6B71D12B5E86A000B9BD78 /* BusTrackerUITests.swift in Sources */,
			);
			runOnlyForDeploymentPostprocessing = 0;
		};
/* End PBXSourcesBuildPhase section */

/* Begin PBXTargetDependency section */
		9A6B71C42B5E86A000B9BD78 /* PBXTargetDependency */ = {
			isa = PBXTargetDependency;
			target = 9A6B71B02B5E869E00B9BD78 /* BusTracker */;
			targetProxy = 9A6B71C32B5E86A000B9BD78 /* PBXContainerItemProxy */;
		};
		9A6B71CE2B5E86A000B9BD78 /* PBXTargetDependency */ = {
			isa = PBXTargetDependency;
			target = 9A6B71B02B5E869E00B9BD78 /* BusTracker */;
			targetProxy = 9A6B71CD2B5E86A000B9BD78 /* PBXContainerItemProxy */;
		};
/* End PBXTargetDependency section */

/* Begin XCBuildConfiguration section */
		9A6B71D42B5E86A000B9BD78 /* Debug */ = {
			isa = XCBuildConfiguration;
			buildSettings = {
				ALWAYS_SEARCH_USER_PATHS = NO;
				ASSETCATALOG_COMPILER_GENERATE_SWIFT_ASSET_SYMBOL_EXTENSIONS = YES;
				CLANG_ANALYZER_NONNULL = YES;
				CLANG_ANALYZER_NUMBER_OBJECT_CONVERSION = YES_AGGRESSIVE;
				CLANG_CXX_LANGUAGE_STANDARD = "gnu++20";
				CLANG_ENABLE_MODULES = YES;
				CLANG_ENABLE_OBJC_ARC = YES;
				CLANG_ENABLE_OBJC_WEAK = YES;
				CLANG_WARN_BLOCK_CAPTURE_AUTORELEASING = YES;
				CLANG_WARN_BOOL_CONVERSION = YES;
				CLANG_WARN_COMMA = YES;
				CLANG_WARN_CONSTANT_CONVERSION = YES;
				CLANG_WARN_DEPRECATED_OBJC_IMPLEMENTATIONS = YES;
				CLANG_WARN_DIRECT_OBJC_ISA_USAGE = YES_ERROR;
				CLANG_WARN_DOCUMENTATION_COMMENTS = YES;
				CLANG_WARN_EMPTY_BODY = YES;
				CLANG_WARN_ENUM_CONVERSION = YES;
				CLANG_WARN_INFINITE_RECURSION = YES;
				CLANG_WARN_INT_CONVERSION = YES;
				CLANG_WARN_NON_LITERAL_NULL_CONVERSION = YES;
				CLANG_WARN_OBJC_IMPLICIT_RETAIN_SELF = YES;
				CLANG_WARN_OBJC_LITERAL_CONVERSION = YES;
				CLANG_WARN_OBJC_ROOT_CLASS = YES_ERROR;
				CLANG_WARN_QUOTED_INCLUDE_IN_FRAMEWORK_HEADER = YES;
				CLANG_WARN_RANGE_LOOP_ANALYSIS = YES;
				CLANG_WARN_STRICT_PROTOTYPES = YES;
				CLANG_WARN_SUSPICIOUS_MOVE = YES;
				CLANG_WARN_UNGUARDED_AVAILABILITY = YES_AGGRESSIVE;
				CLANG_WARN_UNREACHABLE_CODE = YES;
				CLANG_WARN__DUPLICATE_METHOD_MATCH = YES;
				COPY_PHASE_STRIP = NO;
				DEBUG_INFORMATION_FORMAT = dwarf;
				ENABLE_STRICT_OBJC_MSGSEND = YES;
				ENABLE_TESTABILITY = YES;
				ENABLE_USER_SCRIPT_SANDBOXING = YES;
				GCC_C_LANGUAGE_STANDARD = gnu17;
				GCC_DYNAMIC_NO_PIC = NO;
				GCC_NO_COMMON_BLOCKS = YES;
				GCC_OPTIMIZATION_LEVEL = 0;
				GCC_PREPROCESSOR_DEFINITIONS = (
					"DEBUG=1",
					"$(inherited)",
				);
				GCC_WARN_64_TO_32_BIT_CONVERSION = YES;
				GCC_WARN_ABOUT_RETURN_TYPE = YES_ERROR;
				GCC_WARN_UNDECLARED_SELECTOR = YES;
				GCC_WARN_UNINITIALIZED_AUTOS = YES_AGGRESSIVE;
				GCC_WARN_UNUSED_FUNCTION = YES;
				GCC_WARN_UNUSED_VARIABLE = YES;
				LOCALIZATION_PREFERS_STRING_CATALOGS = YES;
				MTL_ENABLE_DEBUG_INFO = INCLUDE_SOURCE;
				MTL_FAST_MATH = YES;
				ONLY_ACTIVE_ARCH = YES;
				SDKROOT = iphoneos;
				SWIFT_ACTIVE_COMPILATION_CONDITIONS = "DEBUG $(inherited)";
				SWIFT_OPTIMIZATION_LEVEL = "-Onone";
			};
			name = Debug;
		};
		9A6B71D52B5E86A000B9BD78 /* Release */ = {
			isa = XCBuildConfiguration;
			buildSettings = {
				ALWAYS_SEARCH_USER_PATHS = NO;
				ASSETCATALOG_COMPILER_GENERATE_SWIFT_ASSET_SYMBOL_EXTENSIONS = YES;
				CLANG_ANALYZER_NONNULL = YES;
				CLANG_ANALYZER_NUMBER_OBJECT_CONVERSION = YES_AGGRESSIVE;
				CLANG_CXX_LANGUAGE_STANDARD = "gnu++20";
				CLANG_ENABLE_MODULES = YES;
				CLANG_ENABLE_OBJC_ARC = YES;
				CLANG_ENABLE_OBJC_WEAK = YES;
				CLANG_WARN_BLOCK_CAPTURE_AUTORELEASING = YES;
				CLANG_WARN_BOOL_CONVERSION = YES;
				CLANG_WARN_COMMA = YES;
				CLANG_WARN_CONSTANT_CONVERSION = YES;
				CLANG_WARN_DEPRECATED_OBJC_IMPLEMENTATIONS = YES;
				CLANG_WARN_DIRECT_OBJC_ISA_USAGE = YES_ERROR;
				CLANG_WARN_DOCUMENTATION_COMMENTS = YES;
				CLANG_WARN_EMPTY_BODY = YES;
				CLANG_WARN_ENUM_CONVERSION = YES;
				CLANG_WARN_INFINITE_RECURSION = YES;
				CLANG_WARN_INT_CONVERSION = YES;
				CLANG_WARN_NON_LITERAL_NULL_CONVERSION = YES;
				CLANG_WARN_OBJC_IMPLICIT_RETAIN_SELF = YES;
				CLANG_WARN_OBJC_LITERAL_CONVERSION = YES;
				CLANG_WARN_OBJC_ROOT_CLASS = YES_ERROR;
				CLANG_WARN_QUOTED_INCLUDE_IN_FRAMEWORK_HEADER = YES;
				CLANG_WARN_RANGE_LOOP_ANALYSIS = YES;
				CLANG_WARN_STRICT_PROTOTYPES = YES;
				CLANG_WARN_SUSPICIOUS_MOVE = YES;
				CLANG_WARN_UNGUARDED_AVAILABILITY = YES_AGGRESSIVE;
				CLANG_WARN_UNREACHABLE_CODE = YES;
				CLANG_WARN__DUPLICATE_METHOD_MATCH = YES;
				COPY_PHASE_STRIP = NO;
				DEBUG_INFORMATION_FORMAT = "dwarf-with-dsym";
				ENABLE_NS_ASSERTIONS = NO;
				ENABLE_STRICT_OBJC_MSGSEND = YES;
				ENABLE_USER_SCRIPT_SANDBOXING = YES;
				GCC_C_LANGUAGE_STANDARD = gnu17;
				GCC_NO_COMMON_BLOCKS = YES;
				GCC_WARN_64_TO_32_BIT_CONVERSION = YES;
				GCC_WARN_ABOUT_RETURN_TYPE = YES_ERROR;
				GCC_WARN_UNDECLARED_SELECTOR = YES;
				GCC_WARN_UNINITIALIZED_AUTOS = YES_AGGRESSIVE;
				GCC_WARN_UNUSED_FUNCTION = YES;
				GCC_WARN_UNUSED_VARIABLE = YES;
				LOCALIZATION_PREFERS_STRING_CATALOGS = YES;
				MTL_ENABLE_DEBUG_INFO = NO;
				MTL_FAST_MATH = YES;
				SDKROOT = iphoneos;
				SWIFT_COMPILATION_MODE = wholemodule;
			};
			name = Release;
		};
		9A6B71D72B5E86A000B9BD78 /* Debug */ = {
			isa = XCBuildConfiguration;
			buildSettings = {
				ASSETCATALOG_COMPILER_APPICON_NAME = AppIcon;
				ASSETCATALOG_COMPILER_GLOBAL_ACCENT_COLOR_NAME = AccentColor;
				CODE_SIGN_ENTITLEMENTS = BusTracker/BusTracker.entitlements;
				CODE_SIGN_STYLE = Automatic;
				CURRENT_PROJECT_VERSION = 1;
				DEVELOPMENT_ASSET_PATHS = "\"BusTracker/Preview Content\"";
				DEVELOPMENT_TEAM = 9R5R368MW4;
				ENABLE_HARDENED_RUNTIME = YES;
				ENABLE_PREVIEWS = YES;
				GENERATE_INFOPLIST_FILE = YES;
				INFOPLIST_FILE = BusTracker/Info.plist;
				INFOPLIST_KEY_UIApplicationSceneManifest_Generation = YES;
				"INFOPLIST_KEY_UIApplicationSceneManifest_Generation[sdk=iphoneos*]" = YES;
				"INFOPLIST_KEY_UIApplicationSceneManifest_Generation[sdk=iphonesimulator*]" = YES;
				INFOPLIST_KEY_UIApplicationSupportsIndirectInputEvents = YES;
				"INFOPLIST_KEY_UIApplicationSupportsIndirectInputEvents[sdk=iphoneos*]" = YES;
				"INFOPLIST_KEY_UIApplicationSupportsIndirectInputEvents[sdk=iphonesimulator*]" = YES;
				INFOPLIST_KEY_UILaunchScreen_Generation = YES;
				"INFOPLIST_KEY_UILaunchScreen_Generation[sdk=iphoneos*]" = YES;
				"INFOPLIST_KEY_UILaunchScreen_Generation[sdk=iphonesimulator*]" = YES;
				INFOPLIST_KEY_UIStatusBarStyle = UIStatusBarStyleDefault;
				"INFOPLIST_KEY_UIStatusBarStyle[sdk=iphoneos*]" = UIStatusBarStyleDefault;
				"INFOPLIST_KEY_UIStatusBarStyle[sdk=iphonesimulator*]" = UIStatusBarStyleDefault;
				INFOPLIST_KEY_UISupportedInterfaceOrientations_iPad = "UIInterfaceOrientationPortrait UIInterfaceOrientationPortraitUpsideDown UIInterfaceOrientationLandscapeLeft UIInterfaceOrientationLandscapeRight";
				INFOPLIST_KEY_UISupportedInterfaceOrientations_iPhone = "UIInterfaceOrientationPortrait UIInterfaceOrientationLandscapeLeft UIInterfaceOrientationLandscapeRight";
				IPHONEOS_DEPLOYMENT_TARGET = 16.0;
				LD_RUNPATH_SEARCH_PATHS = "@executable_path/Frameworks";
				"LD_RUNPATH_SEARCH_PATHS[sdk=macosx*]" = "@executable_path/../Frameworks";
				MACOSX_DEPLOYMENT_TARGET = 14.0;
				MARKETING_VERSION = 1.0;
				PRODUCT_BUNDLE_IDENTIFIER = NRW.BusTracker;
				PRODUCT_NAME = "$(TARGET_NAME)";
				SDKROOT = iphoneos;
				SUPPORTED_PLATFORMS = "iphoneos iphonesimulator";
				SUPPORTS_MACCATALYST = NO;
				SWIFT_EMIT_LOC_STRINGS = YES;
				SWIFT_VERSION = 5.0;
				TARGETED_DEVICE_FAMILY = "1,2";
			};
			name = Debug;
		};
		9A6B71D82B5E86A000B9BD78 /* Release */ = {
			isa = XCBuildConfiguration;
			buildSettings = {
				ASSETCATALOG_COMPILER_APPICON_NAME = AppIcon;
				ASSETCATALOG_COMPILER_GLOBAL_ACCENT_COLOR_NAME = AccentColor;
				CODE_SIGN_ENTITLEMENTS = BusTracker/BusTracker.entitlements;
				CODE_SIGN_STYLE = Automatic;
				CURRENT_PROJECT_VERSION = 1;
				DEVELOPMENT_ASSET_PATHS = "\"BusTracker/Preview Content\"";
				DEVELOPMENT_TEAM = 9R5R368MW4;
				ENABLE_HARDENED_RUNTIME = YES;
				ENABLE_PREVIEWS = YES;
				GENERATE_INFOPLIST_FILE = YES;
				INFOPLIST_FILE = BusTracker/Info.plist;
				INFOPLIST_KEY_UIApplicationSceneManifest_Generation = YES;
				"INFOPLIST_KEY_UIApplicationSceneManifest_Generation[sdk=iphoneos*]" = YES;
				"INFOPLIST_KEY_UIApplicationSceneManifest_Generation[sdk=iphonesimulator*]" = YES;
				INFOPLIST_KEY_UIApplicationSupportsIndirectInputEvents = YES;
				"INFOPLIST_KEY_UIApplicationSupportsIndirectInputEvents[sdk=iphoneos*]" = YES;
				"INFOPLIST_KEY_UIApplicationSupportsIndirectInputEvents[sdk=iphonesimulator*]" = YES;
				INFOPLIST_KEY_UILaunchScreen_Generation = YES;
				"INFOPLIST_KEY_UILaunchScreen_Generation[sdk=iphoneos*]" = YES;
				"INFOPLIST_KEY_UILaunchScreen_Generation[sdk=iphonesimulator*]" = YES;
				INFOPLIST_KEY_UIStatusBarStyle = UIStatusBarStyleDefault;
				"INFOPLIST_KEY_UIStatusBarStyle[sdk=iphoneos*]" = UIStatusBarStyleDefault;
				"INFOPLIST_KEY_UIStatusBarStyle[sdk=iphonesimulator*]" = UIStatusBarStyleDefault;
				INFOPLIST_KEY_UISupportedInterfaceOrientations_iPad = "UIInterfaceOrientationPortrait UIInterfaceOrientationPortraitUpsideDown UIInterfaceOrientationLandscapeLeft UIInterfaceOrientationLandscapeRight";
				INFOPLIST_KEY_UISupportedInterfaceOrientations_iPhone = "UIInterfaceOrientationPortrait UIInterfaceOrientationLandscapeLeft UIInterfaceOrientationLandscapeRight";
				IPHONEOS_DEPLOYMENT_TARGET = 16.0;
				LD_RUNPATH_SEARCH_PATHS = "@executable_path/Frameworks";
				"LD_RUNPATH_SEARCH_PATHS[sdk=macosx*]" = "@executable_path/../Frameworks";
				MACOSX_DEPLOYMENT_TARGET = 14.0;
				MARKETING_VERSION = 1.0;
				PRODUCT_BUNDLE_IDENTIFIER = NRW.BusTracker;
				PRODUCT_NAME = "$(TARGET_NAME)";
				SDKROOT = iphoneos;
				SUPPORTED_PLATFORMS = "iphoneos iphonesimulator";
				SUPPORTS_MACCATALYST = NO;
				SWIFT_EMIT_LOC_STRINGS = YES;
				SWIFT_VERSION = 5.0;
				TARGETED_DEVICE_FAMILY = "1,2";
			};
			name = Release;
		};
		9A6B71DA2B5E86A000B9BD78 /* Debug */ = {
			isa = XCBuildConfiguration;
			buildSettings = {
				ALWAYS_EMBED_SWIFT_STANDARD_LIBRARIES = YES;
				BUNDLE_LOADER = "$(TEST_HOST)";
				CODE_SIGN_STYLE = Automatic;
				CURRENT_PROJECT_VERSION = 1;
				DEVELOPMENT_TEAM = 9R5R368MW4;
				GENERATE_INFOPLIST_FILE = YES;
				IPHONEOS_DEPLOYMENT_TARGET = 17.2;
				MACOSX_DEPLOYMENT_TARGET = 14.0;
				MARKETING_VERSION = 1.0;
				PRODUCT_BUNDLE_IDENTIFIER = NRW.BusTrackerTests;
				PRODUCT_NAME = "$(TARGET_NAME)";
				SDKROOT = auto;
				SUPPORTED_PLATFORMS = "iphoneos iphonesimulator macosx";
				SWIFT_EMIT_LOC_STRINGS = NO;
				SWIFT_VERSION = 5.0;
				TARGETED_DEVICE_FAMILY = "1,2";
				TEST_HOST = "$(BUILT_PRODUCTS_DIR)/BusTracker.app/$(BUNDLE_EXECUTABLE_FOLDER_PATH)/BusTracker";
			};
			name = Debug;
		};
		9A6B71DB2B5E86A000B9BD78 /* Release */ = {
			isa = XCBuildConfiguration;
			buildSettings = {
				ALWAYS_EMBED_SWIFT_STANDARD_LIBRARIES = YES;
				BUNDLE_LOADER = "$(TEST_HOST)";
				CODE_SIGN_STYLE = Automatic;
				CURRENT_PROJECT_VERSION = 1;
				DEVELOPMENT_TEAM = 9R5R368MW4;
				GENERATE_INFOPLIST_FILE = YES;
				IPHONEOS_DEPLOYMENT_TARGET = 17.2;
				MACOSX_DEPLOYMENT_TARGET = 14.0;
				MARKETING_VERSION = 1.0;
				PRODUCT_BUNDLE_IDENTIFIER = NRW.BusTrackerTests;
				PRODUCT_NAME = "$(TARGET_NAME)";
				SDKROOT = auto;
				SUPPORTED_PLATFORMS = "iphoneos iphonesimulator macosx";
				SWIFT_EMIT_LOC_STRINGS = NO;
				SWIFT_VERSION = 5.0;
				TARGETED_DEVICE_FAMILY = "1,2";
				TEST_HOST = "$(BUILT_PRODUCTS_DIR)/BusTracker.app/$(BUNDLE_EXECUTABLE_FOLDER_PATH)/BusTracker";
			};
			name = Release;
		};
		9A6B71DD2B5E86A000B9BD78 /* Debug */ = {
			isa = XCBuildConfiguration;
			buildSettings = {
				ALWAYS_EMBED_SWIFT_STANDARD_LIBRARIES = YES;
				CODE_SIGN_STYLE = Automatic;
				CURRENT_PROJECT_VERSION = 1;
				DEVELOPMENT_TEAM = 9R5R368MW4;
				GENERATE_INFOPLIST_FILE = YES;
				IPHONEOS_DEPLOYMENT_TARGET = 17.2;
				MACOSX_DEPLOYMENT_TARGET = 14.0;
				MARKETING_VERSION = 1.0;
				PRODUCT_BUNDLE_IDENTIFIER = NRW.BusTrackerUITests;
				PRODUCT_NAME = "$(TARGET_NAME)";
				SDKROOT = auto;
				SUPPORTED_PLATFORMS = "iphoneos iphonesimulator macosx";
				SWIFT_EMIT_LOC_STRINGS = NO;
				SWIFT_VERSION = 5.0;
				TARGETED_DEVICE_FAMILY = "1,2";
				TEST_TARGET_NAME = BusTracker;
			};
			name = Debug;
		};
		9A6B71DE2B5E86A000B9BD78 /* Release */ = {
			isa = XCBuildConfiguration;
			buildSettings = {
				ALWAYS_EMBED_SWIFT_STANDARD_LIBRARIES = YES;
				CODE_SIGN_STYLE = Automatic;
				CURRENT_PROJECT_VERSION = 1;
				DEVELOPMENT_TEAM = 9R5R368MW4;
				GENERATE_INFOPLIST_FILE = YES;
				IPHONEOS_DEPLOYMENT_TARGET = 17.2;
				MACOSX_DEPLOYMENT_TARGET = 14.0;
				MARKETING_VERSION = 1.0;
				PRODUCT_BUNDLE_IDENTIFIER = NRW.BusTrackerUITests;
				PRODUCT_NAME = "$(TARGET_NAME)";
				SDKROOT = auto;
				SUPPORTED_PLATFORMS = "iphoneos iphonesimulator macosx";
				SWIFT_EMIT_LOC_STRINGS = NO;
				SWIFT_VERSION = 5.0;
				TARGETED_DEVICE_FAMILY = "1,2";
				TEST_TARGET_NAME = BusTracker;
			};
			name = Release;
		};
/* End XCBuildConfiguration section */

/* Begin XCConfigurationList section */
		9A6B71AC2B5E869E00B9BD78 /* Build configuration list for PBXProject "BusTracker" */ = {
			isa = XCConfigurationList;
			buildConfigurations = (
				9A6B71D42B5E86A000B9BD78 /* Debug */,
				9A6B71D52B5E86A000B9BD78 /* Release */,
			);
			defaultConfigurationIsVisible = 0;
			defaultConfigurationName = Release;
		};
		9A6B71D62B5E86A000B9BD78 /* Build configuration list for PBXNativeTarget "BusTracker" */ = {
			isa = XCConfigurationList;
			buildConfigurations = (
				9A6B71D72B5E86A000B9BD78 /* Debug */,
				9A6B71D82B5E86A000B9BD78 /* Release */,
			);
			defaultConfigurationIsVisible = 0;
			defaultConfigurationName = Release;
		};
		9A6B71D92B5E86A000B9BD78 /* Build configuration list for PBXNativeTarget "BusTrackerTests" */ = {
			isa = XCConfigurationList;
			buildConfigurations = (
				9A6B71DA2B5E86A000B9BD78 /* Debug */,
				9A6B71DB2B5E86A000B9BD78 /* Release */,
			);
			defaultConfigurationIsVisible = 0;
			defaultConfigurationName = Release;
		};
		9A6B71DC2B5E86A000B9BD78 /* Build configuration list for PBXNativeTarget "BusTrackerUITests" */ = {
			isa = XCConfigurationList;
			buildConfigurations = (
				9A6B71DD2B5E86A000B9BD78 /* Debug */,
				9A6B71DE2B5E86A000B9BD78 /* Release */,
			);
			defaultConfigurationIsVisible = 0;
			defaultConfigurationName = Release;
		};
/* End XCConfigurationList section */

/* Begin XCRemoteSwiftPackageReference section */
		9A6B71DF2B5E871200B9BD78 /* XCRemoteSwiftPackageReference "Alamofire" */ = {
			isa = XCRemoteSwiftPackageReference;
			repositoryURL = "https://github.com/Alamofire/Alamofire.git";
			requirement = {
				kind = upToNextMajorVersion;
				minimumVersion = 5.8.1;
			};
		};
		9A6B71E22B5E873900B9BD78 /* XCRemoteSwiftPackageReference "RxSwift" */ = {
			isa = XCRemoteSwiftPackageReference;
			repositoryURL = "https://github.com/ReactiveX/RxSwift.git";
			requirement = {
				kind = upToNextMajorVersion;
				minimumVersion = 6.6.0;
			};
		};
		9A6B71E32B5E874C00B9BD78 /* XCRemoteSwiftPackageReference "SkeletonView" */ = {
			isa = XCRemoteSwiftPackageReference;
			repositoryURL = "https://github.com/Juanpe/SkeletonView.git";
			requirement = {
				kind = upToNextMajorVersion;
				minimumVersion = 1.30.4;
			};
		};
		9A6B71E62B5E876200B9BD78 /* XCRemoteSwiftPackageReference "PopupView" */ = {
			isa = XCRemoteSwiftPackageReference;
			repositoryURL = "https://github.com/exyte/PopupView.git";
			requirement = {
				kind = upToNextMajorVersion;
				minimumVersion = 2.8.3;
			};
		};
/* End XCRemoteSwiftPackageReference section */

/* Begin XCSwiftPackageProductDependency section */
		9A6B71E02B5E871200B9BD78 /* Alamofire */ = {
			isa = XCSwiftPackageProductDependency;
			package = 9A6B71DF2B5E871200B9BD78 /* XCRemoteSwiftPackageReference "Alamofire" */;
			productName = Alamofire;
		};
		9A6B71E42B5E874C00B9BD78 /* SkeletonView */ = {
			isa = XCSwiftPackageProductDependency;
			package = 9A6B71E32B5E874C00B9BD78 /* XCRemoteSwiftPackageReference "SkeletonView" */;
			productName = SkeletonView;
		};
		9A6B71E72B5E876200B9BD78 /* PopupView */ = {
			isa = XCSwiftPackageProductDependency;
			package = 9A6B71E62B5E876200B9BD78 /* XCRemoteSwiftPackageReference "PopupView" */;
			productName = PopupView;
		};
/* End XCSwiftPackageProductDependency section */
	};
	rootObject = 9A6B71A92B5E869E00B9BD78 /* Project object */;
}
